#MicroXplorer Configuration settings - do not modify
File.Version=6
KeepUserPlacement=false
Mcu.Family=STM8L
Mcu.IP0=ADC1
Mcu.IP1=RCC
Mcu.IPNb=2
Mcu.Name=STM8L151C6Tx
Mcu.Package=LQFP48
Mcu.Pin0=PD1
Mcu.Pin1=PD2
Mcu.Pin10=PD4
Mcu.Pin11=PD5
Mcu.Pin12=PD6
Mcu.Pin13=PC4
Mcu.Pin14=PC5
Mcu.Pin15=PC7
Mcu.Pin2=PD3
Mcu.Pin3=PB2
Mcu.Pin4=PB3
Mcu.Pin5=PB4
Mcu.Pin6=PB5
Mcu.Pin7=PB6
Mcu.Pin8=PB7
Mcu.Pin9=PF0
Mcu.PinsNb=16
Mcu.UserConstants=
Mcu.UserName=STM8L151C6Tx
MxCube.Version=1.3.0
MxDb.Version=DB.4.0.180
PB2.Locked=true
PB2.Signal=GPIO_Output
PB3.Locked=true
PB3.Signal=GPIO_Output
PB4.Locked=true
PB4.Signal=GPIO_Output
PB5.Locked=true
PB5.Signal=GPIO_Output
PB6.Locked=true
PB6.Signal=GPIO_Output
PB7.Locked=true
PB7.Signal=GPIO_Output
PC4.Locked=true
PC4.Mode=Clock-out
PC4.Signal=RCC_CCO
PC5.Locked=true
PC5.Mode=LSE-External-Clock-Source
PC5.Signal=RCC_OSC32_IN
PC7.Locked=true
PC7.Mode=IN3
PC7.Signal=ADC1_IN3
PCC.Checker=false
PCC.Line=STM8L151/152
PCC.MCU=STM8L151C6Tx
PCC.MXVersion=1.3.0
PCC.PartNumber=STM8L151C6Tx
PCC.Seq0=0
PCC.Series=STM8L
PCC.Temperature=25
PCC.Vdd=3.0
PD1.Locked=true
PD1.Signal=GPIO_Output
PD2.Locked=true
PD2.Signal=GPIO_Output
PD3.Locked=true
PD3.Signal=GPIO_Output
PD4.Locked=true
PD4.Signal=GPIO_Output
PD5.Locked=true
PD5.Signal=GPIO_Output
PD6.Locked=true
PD6.Signal=GPIO_Output
PF0.Locked=true
PF0.Signal=GPIO_Output
RCC.BEEPMUXOut_VALUE=38000
RCC.CCOMuxDiv_Value=2000000
RCC.FamilyName=M
RCC.HCLKFreq_Value=2000000
RCC.HSE_VALUE=8000000
RCC.HSI_VALUE=16000000
RCC.IPParameters=BEEPMUXOut_VALUE,CCOMuxDiv_Value,FamilyName,HCLKFreq_Value,HSE_VALUE,HSI_VALUE,LSI_VALUE,PERIPHClk_Value,RTCClk_Value,RTCMux_Value,SYSMux_Value
RCC.LSI_VALUE=38000
RCC.PERIPHClk_Value=2000000
RCC.RTCClk_Value=2000000
RCC.RTCMux_Value=16000000
RCC.SYSMux_Value=16000000
